<?xml version="1.0" encoding="UTF-8" standalone="yes" ?>
<CodeBlocks_project_file>
	<FileVersion major="1" minor="6" />
	<Project>
		<Option title="Winters_Gate" />
		<Option pch_mode="2" />
		<Option compiler="gcc" />
		<Build>
			<Target title="Release">
				<Option output="bin/Release/Winters_Gate" prefix_auto="1" extension_auto="1" />
				<Option object_output="obj/Release/" />
				<Option type="0" />
				<Option compiler="gcc" />
				<Option projectLinkerOptionsRelation="2" />
				<Compiler>
					<Add option="-O2" />
					<Add option="-DSFML_STATIC" />
					<Add directory="C:/wxWidgets-2.8.12/lib/gcc_dll/mswu" />
					<Add directory="C:/boost_1_65_1" />
					<Add directory="dependencies/portaudio/include" />
				</Compiler>
				<ResourceCompiler>
					<Add directory="C:/wxWidgets-2.8.12/lib/gcc_dll/mswu" />
				</ResourceCompiler>
				<Linker>
					<Add option="-s" />
					<Add library="libwxmsw28u_core.a" />
					<Add library="libwxbase28u.a" />
					<Add library="libwxpng.a" />
					<Add library="libwxzlib.a" />
					<Add library="C:/boost_1_65_1/stage/lib/libboost_system-mgw63-mt-1_65_1.a" />
					<Add library="C:/boost_1_65_1/stage/lib/libboost_filesystem-mgw63-mt-1_65_1.a" />
					<Add library="dependencies/portaudio/lib/.libs/libportaudio.dll.a" />
					<Add directory="C:/wxWidgets-2.8.12/lib/gcc_dll" />
					<Add directory="dependencies/SFML-2.4.2/lib" />
				</Linker>
			</Target>
		</Build>
		<Compiler>
			<Add option="-Wall" />
			<Add option="-pipe" />
			<Add option="-mthreads" />
			<Add option='[[if (GetCompilerFactory().GetCompilerVersionString(_T(&quot;gcc&quot;)) &gt;= _T(&quot;4.8.0&quot;)) print(_T(&quot;-Wno-unused-local-typedefs&quot;));]]' />
			<Add option="-D__GNUWIN32__" />
			<Add option="-D__WXMSW__" />
			<Add option="-DWXUSINGDLL" />
			<Add option="-DwxUSE_UNICODE" />
			<Add directory="C:/wxWidgets-2.8.12/include" />
			<Add directory="C:/portaudio/include" />
		</Compiler>
		<ResourceCompiler>
			<Add directory="C:/wxWidgets-2.8.12/include" />
		</ResourceCompiler>
		<Linker>
			<Add option="-mthreads" />
			<Add directory="C:/portaudio/lib" />
		</Linker>
		<Unit filename="Winters_GateApp.cpp" />
		<Unit filename="Winters_GateApp.h" />
		<Unit filename="Winters_GateMain.cpp" />
		<Unit filename="Winters_GateMain.h" />
		<Unit filename="resource.rc">
			<Option compilerVar="WINDRES" />
		</Unit>
		<Unit filename="wxsmith/Winters_Gatedialog.wxs" />
		<Extensions>
			<code_completion />
			<envvars />
			<debugger />
			<wxsmith version="1">
				<gui name="wxWidgets" src="Winters_GateApp.cpp" main="Winters_GateDialog" init_handlers="necessary" language="CPP" />
				<resources>
					<wxDialog wxs="wxsmith/Winters_Gatedialog.wxs" src="Winters_GateMain.cpp" hdr="Winters_GateMain.h" fwddecl="0" i18n="1" name="Winters_GateDialog" language="CPP" />
				</resources>
			</wxsmith>
		</Extensions>
	</Project>
</CodeBlocks_project_file>
